
Microsoft Visual Studio Solution File, Format Version 12.00
# Visual Studio Version 17
VisualStudioVersion = 17.6.33815.320
MinimumVisualStudioVersion = 10.0.40219.1
Project("{FAE04EC0-301F-11D3-BF4B-00C04F79EFBC}") = "ASP_REST_API_CRUD", "ASP_REST_API_CRUD\ASP_REST_API_CRUD.csproj", "{2412BD9E-81F2-4A3C-97D3-DA3110C267E8}"
EndProject
Global
	GlobalSection(SolutionConfigurationPlatforms) = preSolution
		Debug|Any CPU = Debug|Any CPU
		Release|Any CPU = Release|Any CPU
	EndGlobalSection
	GlobalSection(ProjectConfigurationPlatforms) = postSolution
		{2412BD9E-81F2-4A3C-97D3-DA3110C267E8}.Debug|Any CPU.ActiveCfg = Debug|Any CPU
		{2412BD9E-81F2-4A3C-97D3-DA3110C267E8}.Debug|Any CPU.Build.0 = Debug|Any CPU
		{2412BD9E-81F2-4A3C-97D3-DA3110C267E8}.Release|Any CPU.ActiveCfg = Release|Any CPU
		{2412BD9E-81F2-4A3C-97D3-DA3110C267E8}.Release|Any CPU.Build.0 = Release|Any CPU
	EndGlobalSection
	GlobalSection(SolutionProperties) = preSolution
		HideSolutionNode = FALSE
	EndGlobalSection
	GlobalSection(ExtensibilityGlobals) = postSolution
		SolutionGuid = {D355A9BA-E6A7-4739-8C19-A0FFBCB7236E}
	EndGlobalSection
EndGlobal
